
Microsoft Visual Studio Solution File, Format Version 12.00
# Visual Studio Version 17
VisualStudioVersion = 17.9.34723.18
MinimumVisualStudioVersion = 10.0.40219.1
Project("{FAE04EC0-301F-11D3-BF4B-00C04F79EFBC}") = "Task", "Task\Task.csproj", "{C0B40C5B-7506-4425-AD37-7AC5205B3468}"
EndProject
Global
	GlobalSection(SolutionConfigurationPlatforms) = preSolution
		Debug|Any CPU = Debug|Any CPU
		Release|Any CPU = Release|Any CPU
	EndGlobalSection
	GlobalSection(ProjectConfigurationPlatforms) = postSolution
		{C0B40C5B-7506-4425-AD37-7AC5205B3468}.Debug|Any CPU.ActiveCfg = Debug|Any CPU
		{C0B40C5B-7506-4425-AD37-7AC5205B3468}.Debug|Any CPU.Build.0 = Debug|Any CPU
		{C0B40C5B-7506-4425-AD37-7AC5205B3468}.Release|Any CPU.ActiveCfg = Release|Any CPU
		{C0B40C5B-7506-4425-AD37-7AC5205B3468}.Release|Any CPU.Build.0 = Release|Any CPU
	EndGlobalSection
	GlobalSection(SolutionProperties) = preSolution
		HideSolutionNode = FALSE
	EndGlobalSection
	GlobalSection(ExtensibilityGlobals) = postSolution
		SolutionGuid = {E6DDA654-BDDB-4360-93FB-2C6C44D9F444}
	EndGlobalSection
EndGlobal
