
Microsoft Visual Studio Solution File, Format Version 12.00
# Visual Studio Version 17
VisualStudioVersion = 17.9.34723.18
MinimumVisualStudioVersion = 10.0.40219.1
Project("{FAE04EC0-301F-11D3-BF4B-00C04F79EFBC}") = "ShoppingApp", "ShoppingApp\ShoppingApp.csproj", "{6DA671D4-F0C2-4EB9-BE30-0A8DA6EDE007}"
EndProject
Project("{FAE04EC0-301F-11D3-BF4B-00C04F79EFBC}") = "ShoppingModelLibrary", "ShoppingModelLibrary\ShoppingModelLibrary.csproj", "{0B08D585-EC15-42CC-B7B1-E3FDAA00A604}"
EndProject
Project("{FAE04EC0-301F-11D3-BF4B-00C04F79EFBC}") = "ShoppingDALLibrary", "ShoppingDALLibrary\ShoppingDALLibrary.csproj", "{75D130CD-DC93-4E70-9E80-5B909969AD0B}"
EndProject
Project("{FAE04EC0-301F-11D3-BF4B-00C04F79EFBC}") = "ShoppingBLLibrary", "ShoppingBLLibrary\ShoppingBLLibrary.csproj", "{81678F8F-D6A2-45AF-9684-FA524F461B5E}"
EndProject
Project("{FAE04EC0-301F-11D3-BF4B-00C04F79EFBC}") = "ShoppingTestCase", "ShoppingTestCase\ShoppingTestCase.csproj", "{D887A43D-2D39-47D1-8FDF-1F455F38EF54}"
EndProject
Global
	GlobalSection(SolutionConfigurationPlatforms) = preSolution
		Debug|Any CPU = Debug|Any CPU
		Release|Any CPU = Release|Any CPU
	EndGlobalSection
	GlobalSection(ProjectConfigurationPlatforms) = postSolution
		{6DA671D4-F0C2-4EB9-BE30-0A8DA6EDE007}.Debug|Any CPU.ActiveCfg = Debug|Any CPU
		{6DA671D4-F0C2-4EB9-BE30-0A8DA6EDE007}.Debug|Any CPU.Build.0 = Debug|Any CPU
		{6DA671D4-F0C2-4EB9-BE30-0A8DA6EDE007}.Release|Any CPU.ActiveCfg = Release|Any CPU
		{6DA671D4-F0C2-4EB9-BE30-0A8DA6EDE007}.Release|Any CPU.Build.0 = Release|Any CPU
		{0B08D585-EC15-42CC-B7B1-E3FDAA00A604}.Debug|Any CPU.ActiveCfg = Debug|Any CPU
		{0B08D585-EC15-42CC-B7B1-E3FDAA00A604}.Debug|Any CPU.Build.0 = Debug|Any CPU
		{0B08D585-EC15-42CC-B7B1-E3FDAA00A604}.Release|Any CPU.ActiveCfg = Release|Any CPU
		{0B08D585-EC15-42CC-B7B1-E3FDAA00A604}.Release|Any CPU.Build.0 = Release|Any CPU
		{75D130CD-DC93-4E70-9E80-5B909969AD0B}.Debug|Any CPU.ActiveCfg = Debug|Any CPU
		{75D130CD-DC93-4E70-9E80-5B909969AD0B}.Debug|Any CPU.Build.0 = Debug|Any CPU
		{75D130CD-DC93-4E70-9E80-5B909969AD0B}.Release|Any CPU.ActiveCfg = Release|Any CPU
		{75D130CD-DC93-4E70-9E80-5B909969AD0B}.Release|Any CPU.Build.0 = Release|Any CPU
		{81678F8F-D6A2-45AF-9684-FA524F461B5E}.Debug|Any CPU.ActiveCfg = Debug|Any CPU
		{81678F8F-D6A2-45AF-9684-FA524F461B5E}.Debug|Any CPU.Build.0 = Debug|Any CPU
		{81678F8F-D6A2-45AF-9684-FA524F461B5E}.Release|Any CPU.ActiveCfg = Release|Any CPU
		{81678F8F-D6A2-45AF-9684-FA524F461B5E}.Release|Any CPU.Build.0 = Release|Any CPU
		{D887A43D-2D39-47D1-8FDF-1F455F38EF54}.Debug|Any CPU.ActiveCfg = Debug|Any CPU
		{D887A43D-2D39-47D1-8FDF-1F455F38EF54}.Debug|Any CPU.Build.0 = Debug|Any CPU
		{D887A43D-2D39-47D1-8FDF-1F455F38EF54}.Release|Any CPU.ActiveCfg = Release|Any CPU
		{D887A43D-2D39-47D1-8FDF-1F455F38EF54}.Release|Any CPU.Build.0 = Release|Any CPU
	EndGlobalSection
	GlobalSection(SolutionProperties) = preSolution
		HideSolutionNode = FALSE
	EndGlobalSection
	GlobalSection(ExtensibilityGlobals) = postSolution
		SolutionGuid = {028CD12C-A7A8-49F5-8667-56AE9E65B1F3}
	EndGlobalSection
EndGlobal
