
Microsoft Visual Studio Solution File, Format Version 12.00
# Visual Studio Version 17
VisualStudioVersion = 17.9.34723.18
MinimumVisualStudioVersion = 10.0.40219.1
Project("{FAE04EC0-301F-11D3-BF4B-00C04F79EFBC}") = "Employee", "Employee\Employee.csproj", "{3E1D9660-E1EF-4008-B518-8D7B1DDD1B19}"
EndProject
Project("{FAE04EC0-301F-11D3-BF4B-00C04F79EFBC}") = "Task", "Task\Task.csproj", "{07E23C27-FB2C-434D-A0B1-391F66DADA11}"
EndProject
Global
	GlobalSection(SolutionConfigurationPlatforms) = preSolution
		Debug|Any CPU = Debug|Any CPU
		Release|Any CPU = Release|Any CPU
	EndGlobalSection
	GlobalSection(ProjectConfigurationPlatforms) = postSolution
		{3E1D9660-E1EF-4008-B518-8D7B1DDD1B19}.Debug|Any CPU.ActiveCfg = Debug|Any CPU
		{3E1D9660-E1EF-4008-B518-8D7B1DDD1B19}.Debug|Any CPU.Build.0 = Debug|Any CPU
		{3E1D9660-E1EF-4008-B518-8D7B1DDD1B19}.Release|Any CPU.ActiveCfg = Release|Any CPU
		{3E1D9660-E1EF-4008-B518-8D7B1DDD1B19}.Release|Any CPU.Build.0 = Release|Any CPU
		{07E23C27-FB2C-434D-A0B1-391F66DADA11}.Debug|Any CPU.ActiveCfg = Debug|Any CPU
		{07E23C27-FB2C-434D-A0B1-391F66DADA11}.Debug|Any CPU.Build.0 = Debug|Any CPU
		{07E23C27-FB2C-434D-A0B1-391F66DADA11}.Release|Any CPU.ActiveCfg = Release|Any CPU
		{07E23C27-FB2C-434D-A0B1-391F66DADA11}.Release|Any CPU.Build.0 = Release|Any CPU
	EndGlobalSection
	GlobalSection(SolutionProperties) = preSolution
		HideSolutionNode = FALSE
	EndGlobalSection
	GlobalSection(ExtensibilityGlobals) = postSolution
		SolutionGuid = {E612BB93-333A-45AE-AD9C-91D9C48D41B2}
	EndGlobalSection
EndGlobal
