
Microsoft Visual Studio Solution File, Format Version 12.00
# Visual Studio Version 17
VisualStudioVersion = 17.9.34723.18
MinimumVisualStudioVersion = 10.0.40219.1
Project("{9A19103F-16F7-4668-BE54-9A1E7A4F7556}") = "Day8Task", "Day8Task\Day8Task.csproj", "{BF892DC2-5820-4DE2-94F6-8516827DAA79}"
EndProject
Global
	GlobalSection(SolutionConfigurationPlatforms) = preSolution
		Debug|Any CPU = Debug|Any CPU
		Release|Any CPU = Release|Any CPU
	EndGlobalSection
	GlobalSection(ProjectConfigurationPlatforms) = postSolution
		{BF892DC2-5820-4DE2-94F6-8516827DAA79}.Debug|Any CPU.ActiveCfg = Debug|Any CPU
		{BF892DC2-5820-4DE2-94F6-8516827DAA79}.Debug|Any CPU.Build.0 = Debug|Any CPU
		{BF892DC2-5820-4DE2-94F6-8516827DAA79}.Release|Any CPU.ActiveCfg = Release|Any CPU
		{BF892DC2-5820-4DE2-94F6-8516827DAA79}.Release|Any CPU.Build.0 = Release|Any CPU
	EndGlobalSection
	GlobalSection(SolutionProperties) = preSolution
		HideSolutionNode = FALSE
	EndGlobalSection
	GlobalSection(ExtensibilityGlobals) = postSolution
		SolutionGuid = {2F8CE35C-66C0-4394-9FAB-610FE07C7AA7}
	EndGlobalSection
EndGlobal
